
Microsoft Visual Studio Solution File, Format Version 12.00
# Visual Studio Version 16
VisualStudioVersion = 16.0.30621.155
MinimumVisualStudioVersion = 10.0.40219.1
Project("{FAE04EC0-301F-11D3-BF4B-00C04F79EFBC}") = "MilvasoftHelper.MapperImplementation", "MapperImplementation\MilvasoftHelper.MapperImplementation.csproj", "{4DF919DE-5473-4F21-838B-6616E1C9816A}"
EndProject
Global
	GlobalSection(SolutionConfigurationPlatforms) = preSolution
		Debug|Any CPU = Debug|Any CPU
		Release|Any CPU = Release|Any CPU
	EndGlobalSection
	GlobalSection(ProjectConfigurationPlatforms) = postSolution
		{4DF919DE-5473-4F21-838B-6616E1C9816A}.Debug|Any CPU.ActiveCfg = Debug|Any CPU
		{4DF919DE-5473-4F21-838B-6616E1C9816A}.Debug|Any CPU.Build.0 = Debug|Any CPU
		{4DF919DE-5473-4F21-838B-6616E1C9816A}.Release|Any CPU.ActiveCfg = Release|Any CPU
		{4DF919DE-5473-4F21-838B-6616E1C9816A}.Release|Any CPU.Build.0 = Release|Any CPU
	EndGlobalSection
	GlobalSection(SolutionProperties) = preSolution
		HideSolutionNode = FALSE
	EndGlobalSection
	GlobalSection(ExtensibilityGlobals) = postSolution
		SolutionGuid = {E552B285-92CB-491D-8ACD-91C933292699}
	EndGlobalSection
EndGlobal
